
Microsoft Visual Studio Solution File, Format Version 12.00
# Visual Studio Version 17
VisualStudioVersion = 17.0.31717.71
MinimumVisualStudioVersion = 10.0.40219.1
Project("{9A19103F-16F7-4668-BE54-9A1E7A4F7556}") = "magniFHIR", "src\magniFHIR\magniFHIR.csproj", "{0F2D55C6-7BE7-4414-A121-1D8A8F561B45}"
EndProject
Project("{9A19103F-16F7-4668-BE54-9A1E7A4F7556}") = "magniFHIR.Tests", "src\magniFHIR.Tests\magniFHIR.Tests.csproj", "{9F49513A-EF0D-41A8-AF14-85E00C5B0B88}"
EndProject
Global
	GlobalSection(SolutionConfigurationPlatforms) = preSolution
		Debug|Any CPU = Debug|Any CPU
		Release|Any CPU = Release|Any CPU
	EndGlobalSection
	GlobalSection(ProjectConfigurationPlatforms) = postSolution
		{0F2D55C6-7BE7-4414-A121-1D8A8F561B45}.Debug|Any CPU.ActiveCfg = Debug|Any CPU
		{0F2D55C6-7BE7-4414-A121-1D8A8F561B45}.Debug|Any CPU.Build.0 = Debug|Any CPU
		{0F2D55C6-7BE7-4414-A121-1D8A8F561B45}.Release|Any CPU.ActiveCfg = Release|Any CPU
		{0F2D55C6-7BE7-4414-A121-1D8A8F561B45}.Release|Any CPU.Build.0 = Release|Any CPU
		{9F49513A-EF0D-41A8-AF14-85E00C5B0B88}.Debug|Any CPU.ActiveCfg = Debug|Any CPU
		{9F49513A-EF0D-41A8-AF14-85E00C5B0B88}.Debug|Any CPU.Build.0 = Debug|Any CPU
		{9F49513A-EF0D-41A8-AF14-85E00C5B0B88}.Release|Any CPU.ActiveCfg = Release|Any CPU
		{9F49513A-EF0D-41A8-AF14-85E00C5B0B88}.Release|Any CPU.Build.0 = Release|Any CPU
	EndGlobalSection
	GlobalSection(SolutionProperties) = preSolution
		HideSolutionNode = FALSE
	EndGlobalSection
	GlobalSection(ExtensibilityGlobals) = postSolution
		SolutionGuid = {2D08F98A-B3D4-42E7-B381-94C061372CCC}
	EndGlobalSection
EndGlobal
